// !$*UTF8*$!
{
	archiveVersion = 1;
	classes = {
	};
	objectVersion = 50;
	objects = {

/* Begin PBXBuildFile section */
		2B7820612272827600B4C1EE /* CardModel.swift in Sources */ = {isa = PBXBuildFile; fileRef = 2B7820602272827600B4C1EE /* CardModel.swift */; };
		2B7820632272836B00B4C1EE /* Card.swift in Sources */ = {isa = PBXBuildFile; fileRef = 2B7820622272836B00B4C1EE /* Card.swift */; };
		2B7820652272887000B4C1EE /* CardCollectionViewCell.swift in Sources */ = {isa = PBXBuildFile; fileRef = 2B7820642272887000B4C1EE /* CardCollectionViewCell.swift */; };
		2BB5A5422264F3B200AE8A18 /* AppDelegate.swift in Sources */ = {isa = PBXBuildFile; fileRef = 2BB5A5412264F3B200AE8A18 /* AppDelegate.swift */; };
		2BB5A5442264F3B200AE8A18 /* CardViewController.swift in Sources */ = {isa = PBXBuildFile; fileRef = 2BB5A5432264F3B200AE8A18 /* CardViewController.swift */; };
		2BB5A5472264F3B200AE8A18 /* Main.storyboard in Resources */ = {isa = PBXBuildFile; fileRef = 2BB5A5452264F3B200AE8A18 /* Main.storyboard */; };
		2BB5A5492264F3B300AE8A18 /* Assets.xcassets in Resources */ = {isa = PBXBuildFile; fileRef = 2BB5A5482264F3B300AE8A18 /* Assets.xcassets */; };
		2BB5A54C2264F3B300AE8A18 /* LaunchScreen.storyboard in Resources */ = {isa = PBXBuildFile; fileRef = 2BB5A54A2264F3B300AE8A18 /* LaunchScreen.storyboard */; };
		EACAF7E322736A8400F82CBD /* MainViewController.swift in Sources */ = {isa = PBXBuildFile; fileRef = EACAF7E222736A8400F82CBD /* MainViewController.swift */; };
		EACAF7E522736C3600F82CBD /* HighScoreViewController.swift in Sources */ = {isa = PBXBuildFile; fileRef = EACAF7E422736C3600F82CBD /* HighScoreViewController.swift */; };
		EACAF7E722736C7B00F82CBD /* LoginViewController.swift in Sources */ = {isa = PBXBuildFile; fileRef = EACAF7E622736C7B00F82CBD /* LoginViewController.swift */; };
		EACAF7E922736CE500F82CBD /* OptionPickerViewController.swift in Sources */ = {isa = PBXBuildFile; fileRef = EACAF7E822736CE500F82CBD /* OptionPickerViewController.swift */; };
/* End PBXBuildFile section */

/* Begin PBXFileReference section */
		2B7820602272827600B4C1EE /* CardModel.swift */ = {isa = PBXFileReference; lastKnownFileType = sourcecode.swift; path = CardModel.swift; sourceTree = "<group>"; };
		2B7820622272836B00B4C1EE /* Card.swift */ = {isa = PBXFileReference; lastKnownFileType = sourcecode.swift; path = Card.swift; sourceTree = "<group>"; };
		2B7820642272887000B4C1EE /* CardCollectionViewCell.swift */ = {isa = PBXFileReference; lastKnownFileType = sourcecode.swift; path = CardCollectionViewCell.swift; sourceTree = "<group>"; };
		2BB5A53E2264F3B200AE8A18 /* ImageMatch.app */ = {isa = PBXFileReference; explicitFileType = wrapper.application; includeInIndex = 0; path = ImageMatch.app; sourceTree = BUILT_PRODUCTS_DIR; };
		2BB5A5412264F3B200AE8A18 /* AppDelegate.swift */ = {isa = PBXFileReference; lastKnownFileType = sourcecode.swift; path = AppDelegate.swift; sourceTree = "<group>"; };
		2BB5A5432264F3B200AE8A18 /* CardViewController.swift */ = {isa = PBXFileReference; lastKnownFileType = sourcecode.swift; path = CardViewController.swift; sourceTree = "<group>"; };
		2BB5A5462264F3B200AE8A18 /* Base */ = {isa = PBXFileReference; lastKnownFileType = file.storyboard; name = Base; path = Base.lproj/Main.storyboard; sourceTree = "<group>"; };
		2BB5A5482264F3B300AE8A18 /* Assets.xcassets */ = {isa = PBXFileReference; lastKnownFileType = folder.assetcatalog; path = Assets.xcassets; sourceTree = "<group>"; };
		2BB5A54B2264F3B300AE8A18 /* Base */ = {isa = PBXFileReference; lastKnownFileType = file.storyboard; name = Base; path = Base.lproj/LaunchScreen.storyboard; sourceTree = "<group>"; };
		2BB5A54D2264F3B300AE8A18 /* Info.plist */ = {isa = PBXFileReference; lastKnownFileType = text.plist.xml; path = Info.plist; sourceTree = "<group>"; };
		EACAF7E222736A8400F82CBD /* MainViewController.swift */ = {isa = PBXFileReference; lastKnownFileType = sourcecode.swift; path = MainViewController.swift; sourceTree = "<group>"; };
		EACAF7E422736C3600F82CBD /* HighScoreViewController.swift */ = {isa = PBXFileReference; lastKnownFileType = sourcecode.swift; path = HighScoreViewController.swift; sourceTree = "<group>"; };
		EACAF7E622736C7B00F82CBD /* LoginViewController.swift */ = {isa = PBXFileReference; lastKnownFileType = sourcecode.swift; path = LoginViewController.swift; sourceTree = "<group>"; };
		EACAF7E822736CE500F82CBD /* OptionPickerViewController.swift */ = {isa = PBXFileReference; lastKnownFileType = sourcecode.swift; path = OptionPickerViewController.swift; sourceTree = "<group>"; };
/* End PBXFileReference section */

/* Begin PBXFrameworksBuildPhase section */
		2BB5A53B2264F3B100AE8A18 /* Frameworks */ = {
			isa = PBXFrameworksBuildPhase;
			buildActionMask = 2147483647;
			files = (
			);
			runOnlyForDeploymentPostprocessing = 0;
		};
/* End PBXFrameworksBuildPhase section */

/* Begin PBXGroup section */
		2BB5A5352264F3B100AE8A18 = {
			isa = PBXGroup;
			children = (
				2BB5A5402264F3B200AE8A18 /* ImageMatch */,
				2BB5A53F2264F3B200AE8A18 /* Products */,
			);
			sourceTree = "<group>";
		};
		2BB5A53F2264F3B200AE8A18 /* Products */ = {
			isa = PBXGroup;
			children = (
				2BB5A53E2264F3B200AE8A18 /* ImageMatch.app */,
			);
			name = Products;
			sourceTree = "<group>";
		};
		2BB5A5402264F3B200AE8A18 /* ImageMatch */ = {
			isa = PBXGroup;
			children = (
				2BB5A5412264F3B200AE8A18 /* AppDelegate.swift */,
				2B7820622272836B00B4C1EE /* Card.swift */,
				2B7820642272887000B4C1EE /* CardCollectionViewCell.swift */,
				2B7820602272827600B4C1EE /* CardModel.swift */,
				2BB5A5432264F3B200AE8A18 /* CardViewController.swift */,
				EACAF7E422736C3600F82CBD /* HighScoreViewController.swift */,
				EACAF7E622736C7B00F82CBD /* LoginViewController.swift */,
				EACAF7E222736A8400F82CBD /* MainViewController.swift */,
				EACAF7E822736CE500F82CBD /* OptionPickerViewController.swift */,
				2BB5A5452264F3B200AE8A18 /* Main.storyboard */,
				2BB5A54A2264F3B300AE8A18 /* LaunchScreen.storyboard */,
				2BB5A5482264F3B300AE8A18 /* Assets.xcassets */,
				2BB5A54D2264F3B300AE8A18 /* Info.plist */,
			);
			path = ImageMatch;
			sourceTree = "<group>";
		};
/* End PBXGroup section */

/* Begin PBXNativeTarget section */
		2BB5A53D2264F3B100AE8A18 /* ImageMatch */ = {
			isa = PBXNativeTarget;
			buildConfigurationList = 2BB5A5502264F3B300AE8A18 /* Build configuration list for PBXNativeTarget "ImageMatch" */;
			buildPhases = (
				2BB5A53A2264F3B100AE8A18 /* Sources */,
				2BB5A53B2264F3B100AE8A18 /* Frameworks */,
				2BB5A53C2264F3B100AE8A18 /* Resources */,
			);
			buildRules = (
			);
			dependencies = (
			);
			name = ImageMatch;
			productName = ImageMatch;
			productReference = 2BB5A53E2264F3B200AE8A18 /* ImageMatch.app */;
			productType = "com.apple.product-type.application";
		};
/* End PBXNativeTarget section */

/* Begin PBXProject section */
		2BB5A5362264F3B100AE8A18 /* Project object */ = {
			isa = PBXProject;
			attributes = {
				LastSwiftUpdateCheck = 1020;
				LastUpgradeCheck = 1020;
				ORGANIZATIONNAME = highpoint.edu;
				TargetAttributes = {
					2BB5A53D2264F3B100AE8A18 = {
						CreatedOnToolsVersion = 10.2;
					};
				};
			};
			buildConfigurationList = 2BB5A5392264F3B100AE8A18 /* Build configuration list for PBXProject "ImageMatch" */;
			compatibilityVersion = "Xcode 9.3";
			developmentRegion = en;
			hasScannedForEncodings = 0;
			knownRegions = (
				en,
				Base,
			);
			mainGroup = 2BB5A5352264F3B100AE8A18;
			productRefGroup = 2BB5A53F2264F3B200AE8A18 /* Products */;
			projectDirPath = "";
			projectRoot = "";
			targets = (
				2BB5A53D2264F3B100AE8A18 /* ImageMatch */,
			);
		};
/* End PBXProject section */

/* Begin PBXResourcesBuildPhase section */
		2BB5A53C2264F3B100AE8A18 /* Resources */ = {
			isa = PBXResourcesBuildPhase;
			buildActionMask = 2147483647;
			files = (
				2BB5A54C2264F3B300AE8A18 /* LaunchScreen.storyboard in Resources */,
				2BB5A5492264F3B300AE8A18 /* Assets.xcassets in Resources */,
				2BB5A5472264F3B200AE8A18 /* Main.storyboard in Resources */,
			);
			runOnlyForDeploymentPostprocessing = 0;
		};
/* End PBXResourcesBuildPhase section */

/* Begin PBXSourcesBuildPhase section */
		2BB5A53A2264F3B100AE8A18 /* Sources */ = {
			isa = PBXSourcesBuildPhase;
			buildActionMask = 2147483647;
			files = (
				2BB5A5442264F3B200AE8A18 /* CardViewController.swift in Sources */,
				EACAF7E522736C3600F82CBD /* HighScoreViewController.swift in Sources */,
				2BB5A5422264F3B200AE8A18 /* AppDelegate.swift in Sources */,
				2B7820612272827600B4C1EE /* CardModel.swift in Sources */,
				EACAF7E722736C7B00F82CBD /* LoginViewController.swift in Sources */,
				EACAF7E322736A8400F82CBD /* MainViewController.swift in Sources */,
				2B7820652272887000B4C1EE /* CardCollectionViewCell.swift in Sources */,
				EACAF7E922736CE500F82CBD /* OptionPickerViewController.swift in Sources */,
				2B7820632272836B00B4C1EE /* Card.swift in Sources */,
			);
			runOnlyForDeploymentPostprocessing = 0;
		};
/* End PBXSourcesBuildPhase section */

/* Begin PBXVariantGroup section */
		2BB5A5452264F3B200AE8A18 /* Main.storyboard */ = {
			isa = PBXVariantGroup;
			children = (
				2BB5A5462264F3B200AE8A18 /* Base */,
			);
			name = Main.storyboard;
			sourceTree = "<group>";
		};
		2BB5A54A2264F3B300AE8A18 /* LaunchScreen.storyboard */ = {
			isa = PBXVariantGroup;
			children = (
				2BB5A54B2264F3B300AE8A18 /* Base */,
			);
			name = LaunchScreen.storyboard;
			sourceTree = "<group>";
		};
/* End PBXVariantGroup section */

/* Begin XCBuildConfiguration section */
		2BB5A54E2264F3B300AE8A18 /* Debug */ = {
			isa = XCBuildConfiguration;
			buildSettings = {
				ALWAYS_SEARCH_USER_PATHS = NO;
				CLANG_ANALYZER_NONNULL = YES;
				CLANG_ANALYZER_NUMBER_OBJECT_CONVERSION = YES_AGGRESSIVE;
				CLANG_CXX_LANGUAGE_STANDARD = "gnu++14";
				CLANG_CXX_LIBRARY = "libc++";
				CLANG_ENABLE_MODULES = YES;
				CLANG_ENABLE_OBJC_ARC = YES;
				CLANG_ENABLE_OBJC_WEAK = YES;
				CLANG_WARN_BLOCK_CAPTURE_AUTORELEASING = YES;
				CLANG_WARN_BOOL_CONVERSION = YES;
				CLANG_WARN_COMMA = YES;
				CLANG_WARN_CONSTANT_CONVERSION = YES;
				CLANG_WARN_DEPRECATED_OBJC_IMPLEMENTATIONS = YES;
				CLANG_WARN_DIRECT_OBJC_ISA_USAGE = YES_ERROR;
				CLANG_WARN_DOCUMENTATION_COMMENTS = YES;
				CLANG_WARN_EMPTY_BODY = YES;
				CLANG_WARN_ENUM_CONVERSION = YES;
				CLANG_WARN_INFINITE_RECURSION = YES;
				CLANG_WARN_INT_CONVERSION = YES;
				CLANG_WARN_NON_LITERAL_NULL_CONVERSION = YES;
				CLANG_WARN_OBJC_IMPLICIT_RETAIN_SELF = YES;
				CLANG_WARN_OBJC_LITERAL_CONVERSION = YES;
				CLANG_WARN_OBJC_ROOT_CLASS = YES_ERROR;
				CLANG_WARN_RANGE_LOOP_ANALYSIS = YES;
				CLANG_WARN_STRICT_PROTOTYPES = YES;
				CLANG_WARN_SUSPICIOUS_MOVE = YES;
				CLANG_WARN_UNGUARDED_AVAILABILITY = YES_AGGRESSIVE;
				CLANG_WARN_UNREACHABLE_CODE = YES;
				CLANG_WARN__DUPLICATE_METHOD_MATCH = YES;
				CODE_SIGN_IDENTITY = "iPhone Developer";
				COPY_PHASE_STRIP = NO;
				DEBUG_INFORMATION_FORMAT = dwarf;
				ENABLE_STRICT_OBJC_MSGSEND = YES;
				ENABLE_TESTABILITY = YES;
				GCC_C_LANGUAGE_STANDARD = gnu11;
				GCC_DYNAMIC_NO_PIC = NO;
				GCC_NO_COMMON_BLOCKS = YES;
				GCC_OPTIMIZATION_LEVEL = 0;
				GCC_PREPROCESSOR_DEFINITIONS = (
					"DEBUG=1",
					"$(inherited)",
				);
				GCC_WARN_64_TO_32_BIT_CONVERSION = YES;
				GCC_WARN_ABOUT_RETURN_TYPE = YES_ERROR;
				GCC_WARN_UNDECLARED_SELECTOR = YES;
				GCC_WARN_UNINITIALIZED_AUTOS = YES_AGGRESSIVE;
				GCC_WARN_UNUSED_FUNCTION = YES;
				GCC_WARN_UNUSED_VARIABLE = YES;
				IPHONEOS_DEPLOYMENT_TARGET = 12.2;
				MTL_ENABLE_DEBUG_INFO = INCLUDE_SOURCE;
				MTL_FAST_MATH = YES;
				ONLY_ACTIVE_ARCH = YES;
				SDKROOT = iphoneos;
				SWIFT_ACTIVE_COMPILATION_CONDITIONS = DEBUG;
				SWIFT_OPTIMIZATION_LEVEL = "-Onone";
			};
			name = Debug;
		};
		2BB5A54F2264F3B300AE8A18 /* Release */ = {
			isa = XCBuildConfiguration;
			buildSettings = {
				ALWAYS_SEARCH_USER_PATHS = NO;
				CLANG_ANALYZER_NONNULL = YES;
				CLANG_ANALYZER_NUMBER_OBJECT_CONVERSION = YES_AGGRESSIVE;
				CLANG_CXX_LANGUAGE_STANDARD = "gnu++14";
				CLANG_CXX_LIBRARY = "libc++";
				CLANG_ENABLE_MODULES = YES;
				CLANG_ENABLE_OBJC_ARC = YES;
				CLANG_ENABLE_OBJC_WEAK = YES;
				CLANG_WARN_BLOCK_CAPTURE_AUTORELEASING = YES;
				CLANG_WARN_BOOL_CONVERSION = YES;
				CLANG_WARN_COMMA = YES;
				CLANG_WARN_CONSTANT_CONVERSION = YES;
				CLANG_WARN_DEPRECATED_OBJC_IMPLEMENTATIONS = YES;
				CLANG_WARN_DIRECT_OBJC_ISA_USAGE = YES_ERROR;
				CLANG_WARN_DOCUMENTATION_COMMENTS = YES;
				CLANG_WARN_EMPTY_BODY = YES;
				CLANG_WARN_ENUM_CONVERSION = YES;
				CLANG_WARN_INFINITE_RECURSION = YES;
				CLANG_WARN_INT_CONVERSION = YES;
				CLANG_WARN_NON_LITERAL_NULL_CONVERSION = YES;
				CLANG_WARN_OBJC_IMPLICIT_RETAIN_SELF = YES;
				CLANG_WARN_OBJC_LITERAL_CONVERSION = YES;
				CLANG_WARN_OBJC_ROOT_CLASS = YES_ERROR;
				CLANG_WARN_RANGE_LOOP_ANALYSIS = YES;
				CLANG_WARN_STRICT_PROTOTYPES = YES;
				CLANG_WARN_SUSPICIOUS_MOVE = YES;
				CLANG_WARN_UNGUARDED_AVAILABILITY = YES_AGGRESSIVE;
				CLANG_WARN_UNREACHABLE_CODE = YES;
				CLANG_WARN__DUPLICATE_METHOD_MATCH = YES;
				CODE_SIGN_IDENTITY = "iPhone Developer";
				COPY_PHASE_STRIP = NO;
				DEBUG_INFORMATION_FORMAT = "dwarf-with-dsym";
				ENABLE_NS_ASSERTIONS = NO;
				ENABLE_STRICT_OBJC_MSGSEND = YES;
				GCC_C_LANGUAGE_STANDARD = gnu11;
				GCC_NO_COMMON_BLOCKS = YES;
				GCC_WARN_64_TO_32_BIT_CONVERSION = YES;
				GCC_WARN_ABOUT_RETURN_TYPE = YES_ERROR;
				GCC_WARN_UNDECLARED_SELECTOR = YES;
				GCC_WARN_UNINITIALIZED_AUTOS = YES_AGGRESSIVE;
				GCC_WARN_UNUSED_FUNCTION = YES;
				GCC_WARN_UNUSED_VARIABLE = YES;
				IPHONEOS_DEPLOYMENT_TARGET = 12.2;
				MTL_ENABLE_DEBUG_INFO = NO;
				MTL_FAST_MATH = YES;
				SDKROOT = iphoneos;
				SWIFT_COMPILATION_MODE = wholemodule;
				SWIFT_OPTIMIZATION_LEVEL = "-O";
				VALIDATE_PRODUCT = YES;
			};
			name = Release;
		};
		2BB5A5512264F3B300AE8A18 /* Debug */ = {
			isa = XCBuildConfiguration;
			buildSettings = {
				ASSETCATALOG_COMPILER_APPICON_NAME = AppIcon;
				CODE_SIGN_STYLE = Automatic;
				INFOPLIST_FILE = ImageMatch/Info.plist;
				LD_RUNPATH_SEARCH_PATHS = (
					"$(inherited)",
					"@executable_path/Frameworks",
				);
				PRODUCT_BUNDLE_IDENTIFIER = highpoint.ImageMatch;
				PRODUCT_NAME = "$(TARGET_NAME)";
				SWIFT_VERSION = 5.0;
				TARGETED_DEVICE_FAMILY = "1,2";
			};
			name = Debug;
		};
		2BB5A5522264F3B300AE8A18 /* Release */ = {
			isa = XCBuildConfiguration;
			buildSettings = {
				ASSETCATALOG_COMPILER_APPICON_NAME = AppIcon;
				CODE_SIGN_STYLE = Automatic;
				INFOPLIST_FILE = ImageMatch/Info.plist;
				LD_RUNPATH_SEARCH_PATHS = (
					"$(inherited)",
					"@executable_path/Frameworks",
				);
				PRODUCT_BUNDLE_IDENTIFIER = highpoint.ImageMatch;
				PRODUCT_NAME = "$(TARGET_NAME)";
				SWIFT_VERSION = 5.0;
				TARGETED_DEVICE_FAMILY = "1,2";
			};
			name = Release;
		};
/* End XCBuildConfiguration section */

/* Begin XCConfigurationList section */
		2BB5A5392264F3B100AE8A18 /* Build configuration list for PBXProject "ImageMatch" */ = {
			isa = XCConfigurationList;
			buildConfigurations = (
				2BB5A54E2264F3B300AE8A18 /* Debug */,
				2BB5A54F2264F3B300AE8A18 /* Release */,
			);
			defaultConfigurationIsVisible = 0;
			defaultConfigurationName = Release;
		};
		2BB5A5502264F3B300AE8A18 /* Build configuration list for PBXNativeTarget "ImageMatch" */ = {
			isa = XCConfigurationList;
			buildConfigurations = (
				2BB5A5512264F3B300AE8A18 /* Debug */,
				2BB5A5522264F3B300AE8A18 /* Release */,
			);
			defaultConfigurationIsVisible = 0;
			defaultConfigurationName = Release;
		};
/* End XCConfigurationList section */
	};
	rootObject = 2BB5A5362264F3B100AE8A18 /* Project object */;
}
